
Microsoft Visual Studio Solution File, Format Version 12.00
# Visual Studio Version 17
VisualStudioVersion = 17.5.33502.453
MinimumVisualStudioVersion = 10.0.40219.1
Project("{8BC9CEB8-8B4A-11D0-8D11-00A0C91BC942}") = "memorize journey", "memorize journey.vcxproj", "{B6486E09-F495-4396-826F-C61BEC2080AD}"
EndProject
Global
	GlobalSection(SolutionConfigurationPlatforms) = preSolution
		Debug|x64 = Debug|x64
		Debug|x86 = Debug|x86
		Release|x64 = Release|x64
		Release|x86 = Release|x86
	EndGlobalSection
	GlobalSection(ProjectConfigurationPlatforms) = postSolution
		{B6486E09-F495-4396-826F-C61BEC2080AD}.Debug|x64.ActiveCfg = Debug|x64
		{B6486E09-F495-4396-826F-C61BEC2080AD}.Debug|x64.Build.0 = Debug|x64
		{B6486E09-F495-4396-826F-C61BEC2080AD}.Debug|x86.ActiveCfg = Debug|Win32
		{B6486E09-F495-4396-826F-C61BEC2080AD}.Debug|x86.Build.0 = Debug|Win32
		{B6486E09-F495-4396-826F-C61BEC2080AD}.Release|x64.ActiveCfg = Release|x64
		{B6486E09-F495-4396-826F-C61BEC2080AD}.Release|x64.Build.0 = Release|x64
		{B6486E09-F495-4396-826F-C61BEC2080AD}.Release|x86.ActiveCfg = Release|Win32
		{B6486E09-F495-4396-826F-C61BEC2080AD}.Release|x86.Build.0 = Release|Win32
	EndGlobalSection
	GlobalSection(SolutionProperties) = preSolution
		HideSolutionNode = FALSE
	EndGlobalSection
	GlobalSection(ExtensibilityGlobals) = postSolution
		SolutionGuid = {9E04BAC5-8FFA-4A35-BECA-E7FDD28F95C9}
	EndGlobalSection
EndGlobal
